PODS:
  - Compass (6.0.0)
  - Hero (1.4.0)
  - Just (0.7.1)

DEPENDENCIES:
  - Compass
  - Hero
  - Just

SPEC REPOS:
  https://github.com/cocoapods/specs.git:
    - Compass
    - Hero
    - Just

SPEC CHECKSUMS:
  Compass: ff30e2056c549ea5cb5b8a307d28ef628e4209ff
  Hero: bac92350d7201a1a940003e0767c7b52ce7c99a1
  Just: 60c0995e04718eb621a07abef45ce6883c562f2b

PODFILE CHECKSUM: c5acffd6d5e27e09f2cca519ce9d33c54aacb39f

COCOAPODS: 1.5.3
